// !$*UTF8*$!
{
	archiveVersion = 1;
	classes = {
	};
	objectVersion = 56;
	objects = {

/* Begin PBXBuildFile section */
		6D6DA08E2AFB3FC700A00673 /* Lottie in Frameworks */ = {isa = PBXBuildFile; productRef = 6D6DA08D2AFB3FC700A00673 /* Lottie */; };
		6D6DA0902AFB405900A00673 /* Lottie Lego.json in Resources */ = {isa = PBXBuildFile; fileRef = 6D6DA08F2AFB405900A00673 /* Lottie Lego.json */; };
		6D6DA0922AFB40E600A00673 /* LottieView.swift in Sources */ = {isa = PBXBuildFile; fileRef = 6D6DA0912AFB40E600A00673 /* LottieView.swift */; };
		6D6DA0942AFB436C00A00673 /* Constants.swift in Sources */ = {isa = PBXBuildFile; fileRef = 6D6DA0932AFB436C00A00673 /* Constants.swift */; };
		6D6DA0962AFB47A600A00673 /* LottieViewPlus.swift in Sources */ = {isa = PBXBuildFile; fileRef = 6D6DA0952AFB47A600A00673 /* LottieViewPlus.swift */; };
		6D6DA09F2AFB9ACC00A00673 /* ManualView2.swift in Sources */ = {isa = PBXBuildFile; fileRef = 6D6DA09E2AFB9ACC00A00673 /* ManualView2.swift */; };
		6D9CCDF92B05C1EE006444A7 /* BluetoothService.swift in Sources */ = {isa = PBXBuildFile; fileRef = 6D9CCDF82B05C1EE006444A7 /* BluetoothService.swift */; };
		6D9CCDFB2B05C221006444A7 /* BluetoothView.swift in Sources */ = {isa = PBXBuildFile; fileRef = 6D9CCDFA2B05C221006444A7 /* BluetoothView.swift */; };
		6DA46FB72AFCCA960068EA15 /* SplashView.swift in Sources */ = {isa = PBXBuildFile; fileRef = 6DA46FB62AFCCA960068EA15 /* SplashView.swift */; };
		6DD936382AFD3F5300EE7124 /* Done.json in Resources */ = {isa = PBXBuildFile; fileRef = 6DD936372AFD3F5300EE7124 /* Done.json */; };
		6DD9363C2AFD4ACC00EE7124 /* BackgroundView.swift in Sources */ = {isa = PBXBuildFile; fileRef = 6DD9363B2AFD4ACC00EE7124 /* BackgroundView.swift */; };
		C7604EC62B03752F00B4BECE /* (null) in Sources */ = {isa = PBXBuildFile; };
		C7604EC82B04D1B100B4BECE /* UpdateScannDocumentView.swift in Sources */ = {isa = PBXBuildFile; fileRef = C7604EC72B04D1B100B4BECE /* UpdateScannDocumentView.swift */; };
		C769A4BB2B05E95800D58C84 /* FinishUpdateView.swift in Sources */ = {isa = PBXBuildFile; fileRef = C769A4BA2B05E95800D58C84 /* FinishUpdateView.swift */; };
		C79805BA2B024AB9001B753D /* UpdateScanResultView.swift in Sources */ = {isa = PBXBuildFile; fileRef = C79805B92B024AB9001B753D /* UpdateScanResultView.swift */; };
		E95F9BE42B021424009C9B53 /* ModalUpdateOdometerView.swift in Sources */ = {isa = PBXBuildFile; fileRef = E95F9BE32B021424009C9B53 /* ModalUpdateOdometerView.swift */; };
		E95F9BE72B021A77009C9B53 /* ModalUpdateServisView.swift in Sources */ = {isa = PBXBuildFile; fileRef = E95F9BE62B021A77009C9B53 /* ModalUpdateServisView.swift */; };
		E95F9BE92B021E78009C9B53 /* ManualUpdateView.swift in Sources */ = {isa = PBXBuildFile; fileRef = E95F9BE82B021E78009C9B53 /* ManualUpdateView.swift */; };
		E97435882AF0F24600248CD8 /* ScanDocumentView.swift in Sources */ = {isa = PBXBuildFile; fileRef = E97435872AF0F24600248CD8 /* ScanDocumentView.swift */; };
		E9AB956A2AEFEB4C004EE0F4 /* MotoCare.swift in Sources */ = {isa = PBXBuildFile; fileRef = E9AB95692AEFEB4C004EE0F4 /* MotoCare.swift */; };
		E9AB956C2AEFEB4C004EE0F4 /* ContentView.swift in Sources */ = {isa = PBXBuildFile; fileRef = E9AB956B2AEFEB4C004EE0F4 /* ContentView.swift */; };
		E9AB956E2AEFEB4E004EE0F4 /* Assets.xcassets in Resources */ = {isa = PBXBuildFile; fileRef = E9AB956D2AEFEB4E004EE0F4 /* Assets.xcassets */; };
		E9AB95712AEFEB4E004EE0F4 /* Preview Assets.xcassets in Resources */ = {isa = PBXBuildFile; fileRef = E9AB95702AEFEB4E004EE0F4 /* Preview Assets.xcassets */; };
		E9AB95782AEFEBAC004EE0F4 /* Motorcycle.swift in Sources */ = {isa = PBXBuildFile; fileRef = E9AB95772AEFEBAC004EE0F4 /* Motorcycle.swift */; };
		E9AB957A2AEFEE5E004EE0F4 /* SparepartData.swift in Sources */ = {isa = PBXBuildFile; fileRef = E9AB95792AEFEE5E004EE0F4 /* SparepartData.swift */; };
		E9AB957C2AEFEF9C004EE0F4 /* MaintenanceHistory.swift in Sources */ = {isa = PBXBuildFile; fileRef = E9AB957B2AEFEF9C004EE0F4 /* MaintenanceHistory.swift */; };
		E9AB957E2AEFF0AA004EE0F4 /* SparepartHistory.swift in Sources */ = {isa = PBXBuildFile; fileRef = E9AB957D2AEFF0AA004EE0F4 /* SparepartHistory.swift */; };
		E9AB95B92AF03403004EE0F4 /* OpeningOnboardingView.swift in Sources */ = {isa = PBXBuildFile; fileRef = E9AB95B82AF03403004EE0F4 /* OpeningOnboardingView.swift */; };
		E9AB95BB2AF03428004EE0F4 /* InputOdometerView.swift in Sources */ = {isa = PBXBuildFile; fileRef = E9AB95BA2AF03428004EE0F4 /* InputOdometerView.swift */; };
		E9AB95BD2AF03444004EE0F4 /* InputLastReceiptsView.swift in Sources */ = {isa = PBXBuildFile; fileRef = E9AB95BC2AF03444004EE0F4 /* InputLastReceiptsView.swift */; };
		E9AB95BF2AF03476004EE0F4 /* ManualInputMaintenanceHistory.swift in Sources */ = {isa = PBXBuildFile; fileRef = E9AB95BE2AF03476004EE0F4 /* ManualInputMaintenanceHistory.swift */; };
		E9AB95C12AF034F7004EE0F4 /* FinishOnboardingView.swift in Sources */ = {isa = PBXBuildFile; fileRef = E9AB95C02AF034F7004EE0F4 /* FinishOnboardingView.swift */; };
		E9AB95C32AF03510004EE0F4 /* MainTabView.swift in Sources */ = {isa = PBXBuildFile; fileRef = E9AB95C22AF03510004EE0F4 /* MainTabView.swift */; };
		E9AB95C52AF0352A004EE0F4 /* DashboardView.swift in Sources */ = {isa = PBXBuildFile; fileRef = E9AB95C42AF0352A004EE0F4 /* DashboardView.swift */; };
		E9AB95C72AF03553004EE0F4 /* ModalSparepartView.swift in Sources */ = {isa = PBXBuildFile; fileRef = E9AB95C62AF03553004EE0F4 /* ModalSparepartView.swift */; };
		E9AB95C92AF03578004EE0F4 /* MaintenanceHistoryView.swift in Sources */ = {isa = PBXBuildFile; fileRef = E9AB95C82AF03578004EE0F4 /* MaintenanceHistoryView.swift */; };
		E9AB95CB2AF03591004EE0F4 /* SettingsView.swift in Sources */ = {isa = PBXBuildFile; fileRef = E9AB95CA2AF03591004EE0F4 /* SettingsView.swift */; };
		E9AC4E082AF0F9A0001DDCF3 /* ScanResultView.swift in Sources */ = {isa = PBXBuildFile; fileRef = E9AC4E072AF0F9A0001DDCF3 /* ScanResultView.swift */; };
		E9E6491A2AFEA56100288DF7 /* MotorcycleViewModel.swift in Sources */ = {isa = PBXBuildFile; fileRef = E9E649192AFEA56100288DF7 /* MotorcycleViewModel.swift */; };
/* End PBXBuildFile section */

/* Begin PBXFileReference section */
		6D6DA08F2AFB405900A00673 /* Lottie Lego.json */ = {isa = PBXFileReference; fileEncoding = 4; lastKnownFileType = text.json; path = "Lottie Lego.json"; sourceTree = "<group>"; };
		6D6DA0912AFB40E600A00673 /* LottieView.swift */ = {isa = PBXFileReference; lastKnownFileType = sourcecode.swift; path = LottieView.swift; sourceTree = "<group>"; };
		6D6DA0932AFB436C00A00673 /* Constants.swift */ = {isa = PBXFileReference; lastKnownFileType = sourcecode.swift; path = Constants.swift; sourceTree = "<group>"; };
		6D6DA0952AFB47A600A00673 /* LottieViewPlus.swift */ = {isa = PBXFileReference; lastKnownFileType = sourcecode.swift; path = LottieViewPlus.swift; sourceTree = "<group>"; };
		6D6DA09E2AFB9ACC00A00673 /* ManualView2.swift */ = {isa = PBXFileReference; lastKnownFileType = sourcecode.swift; path = ManualView2.swift; sourceTree = "<group>"; };
		6D9CCDF82B05C1EE006444A7 /* BluetoothService.swift */ = {isa = PBXFileReference; lastKnownFileType = sourcecode.swift; path = BluetoothService.swift; sourceTree = "<group>"; };
		6D9CCDFA2B05C221006444A7 /* BluetoothView.swift */ = {isa = PBXFileReference; lastKnownFileType = sourcecode.swift; path = BluetoothView.swift; sourceTree = "<group>"; };
		6DA46FB62AFCCA960068EA15 /* SplashView.swift */ = {isa = PBXFileReference; lastKnownFileType = sourcecode.swift; path = SplashView.swift; sourceTree = "<group>"; };
		6DD936372AFD3F5300EE7124 /* Done.json */ = {isa = PBXFileReference; fileEncoding = 4; lastKnownFileType = text.json; path = Done.json; sourceTree = "<group>"; };
		6DD9363B2AFD4ACC00EE7124 /* BackgroundView.swift */ = {isa = PBXFileReference; lastKnownFileType = sourcecode.swift; path = BackgroundView.swift; sourceTree = "<group>"; };
		C7604EC72B04D1B100B4BECE /* UpdateScannDocumentView.swift */ = {isa = PBXFileReference; lastKnownFileType = sourcecode.swift; path = UpdateScannDocumentView.swift; sourceTree = "<group>"; };
		C769A4BA2B05E95800D58C84 /* FinishUpdateView.swift */ = {isa = PBXFileReference; lastKnownFileType = sourcecode.swift; path = FinishUpdateView.swift; sourceTree = "<group>"; };
		C79805B92B024AB9001B753D /* UpdateScanResultView.swift */ = {isa = PBXFileReference; lastKnownFileType = sourcecode.swift; path = UpdateScanResultView.swift; sourceTree = "<group>"; };
		E95F9BE32B021424009C9B53 /* ModalUpdateOdometerView.swift */ = {isa = PBXFileReference; lastKnownFileType = sourcecode.swift; path = ModalUpdateOdometerView.swift; sourceTree = "<group>"; };
		E95F9BE62B021A77009C9B53 /* ModalUpdateServisView.swift */ = {isa = PBXFileReference; lastKnownFileType = sourcecode.swift; path = ModalUpdateServisView.swift; sourceTree = "<group>"; };
		E95F9BE82B021E78009C9B53 /* ManualUpdateView.swift */ = {isa = PBXFileReference; lastKnownFileType = sourcecode.swift; path = ManualUpdateView.swift; sourceTree = "<group>"; };
		E97435872AF0F24600248CD8 /* ScanDocumentView.swift */ = {isa = PBXFileReference; lastKnownFileType = sourcecode.swift; path = ScanDocumentView.swift; sourceTree = "<group>"; };
		E9AB95662AEFEB4C004EE0F4 /* MotoCare.app */ = {isa = PBXFileReference; explicitFileType = wrapper.application; includeInIndex = 0; path = MotoCare.app; sourceTree = BUILT_PRODUCTS_DIR; };
		E9AB95692AEFEB4C004EE0F4 /* MotoCare.swift */ = {isa = PBXFileReference; lastKnownFileType = sourcecode.swift; path = MotoCare.swift; sourceTree = "<group>"; };
		E9AB956B2AEFEB4C004EE0F4 /* ContentView.swift */ = {isa = PBXFileReference; lastKnownFileType = sourcecode.swift; path = ContentView.swift; sourceTree = "<group>"; };
		E9AB956D2AEFEB4E004EE0F4 /* Assets.xcassets */ = {isa = PBXFileReference; lastKnownFileType = folder.assetcatalog; path = Assets.xcassets; sourceTree = "<group>"; };
		E9AB95702AEFEB4E004EE0F4 /* Preview Assets.xcassets */ = {isa = PBXFileReference; lastKnownFileType = folder.assetcatalog; path = "Preview Assets.xcassets"; sourceTree = "<group>"; };
		E9AB95772AEFEBAC004EE0F4 /* Motorcycle.swift */ = {isa = PBXFileReference; lastKnownFileType = sourcecode.swift; path = Motorcycle.swift; sourceTree = "<group>"; };
		E9AB95792AEFEE5E004EE0F4 /* SparepartData.swift */ = {isa = PBXFileReference; lastKnownFileType = sourcecode.swift; path = SparepartData.swift; sourceTree = "<group>"; };
		E9AB957B2AEFEF9C004EE0F4 /* MaintenanceHistory.swift */ = {isa = PBXFileReference; lastKnownFileType = sourcecode.swift; path = MaintenanceHistory.swift; sourceTree = "<group>"; };
		E9AB957D2AEFF0AA004EE0F4 /* SparepartHistory.swift */ = {isa = PBXFileReference; lastKnownFileType = sourcecode.swift; path = SparepartHistory.swift; sourceTree = "<group>"; };
		E9AB95B82AF03403004EE0F4 /* OpeningOnboardingView.swift */ = {isa = PBXFileReference; lastKnownFileType = sourcecode.swift; path = OpeningOnboardingView.swift; sourceTree = "<group>"; };
		E9AB95BA2AF03428004EE0F4 /* InputOdometerView.swift */ = {isa = PBXFileReference; lastKnownFileType = sourcecode.swift; path = InputOdometerView.swift; sourceTree = "<group>"; };
		E9AB95BC2AF03444004EE0F4 /* InputLastReceiptsView.swift */ = {isa = PBXFileReference; lastKnownFileType = sourcecode.swift; path = InputLastReceiptsView.swift; sourceTree = "<group>"; };
		E9AB95BE2AF03476004EE0F4 /* ManualInputMaintenanceHistory.swift */ = {isa = PBXFileReference; lastKnownFileType = sourcecode.swift; path = ManualInputMaintenanceHistory.swift; sourceTree = "<group>"; };
		E9AB95C02AF034F7004EE0F4 /* FinishOnboardingView.swift */ = {isa = PBXFileReference; lastKnownFileType = sourcecode.swift; path = FinishOnboardingView.swift; sourceTree = "<group>"; };
		E9AB95C22AF03510004EE0F4 /* MainTabView.swift */ = {isa = PBXFileReference; lastKnownFileType = sourcecode.swift; path = MainTabView.swift; sourceTree = "<group>"; };
		E9AB95C42AF0352A004EE0F4 /* DashboardView.swift */ = {isa = PBXFileReference; lastKnownFileType = sourcecode.swift; path = DashboardView.swift; sourceTree = "<group>"; };
		E9AB95C62AF03553004EE0F4 /* ModalSparepartView.swift */ = {isa = PBXFileReference; lastKnownFileType = sourcecode.swift; path = ModalSparepartView.swift; sourceTree = "<group>"; };
		E9AB95C82AF03578004EE0F4 /* MaintenanceHistoryView.swift */ = {isa = PBXFileReference; lastKnownFileType = sourcecode.swift; path = MaintenanceHistoryView.swift; sourceTree = "<group>"; };
		E9AB95CA2AF03591004EE0F4 /* SettingsView.swift */ = {isa = PBXFileReference; lastKnownFileType = sourcecode.swift; path = SettingsView.swift; sourceTree = "<group>"; };
		E9AC4E072AF0F9A0001DDCF3 /* ScanResultView.swift */ = {isa = PBXFileReference; lastKnownFileType = sourcecode.swift; path = ScanResultView.swift; sourceTree = "<group>"; };
		E9E649192AFEA56100288DF7 /* MotorcycleViewModel.swift */ = {isa = PBXFileReference; lastKnownFileType = sourcecode.swift; path = MotorcycleViewModel.swift; sourceTree = "<group>"; };
/* End PBXFileReference section */

/* Begin PBXFrameworksBuildPhase section */
		E9AB95632AEFEB4C004EE0F4 /* Frameworks */ = {
			isa = PBXFrameworksBuildPhase;
			buildActionMask = 2147483647;
			files = (
				6D6DA08E2AFB3FC700A00673 /* Lottie in Frameworks */,
			);
			runOnlyForDeploymentPostprocessing = 0;
		};
/* End PBXFrameworksBuildPhase section */

/* Begin PBXGroup section */
		6D92924E2B0765EF00627CEE /* Bluetooth iOT */ = {
			isa = PBXGroup;
			children = (
				6D9CCDFA2B05C221006444A7 /* BluetoothView.swift */,
				6D9CCDF82B05C1EE006444A7 /* BluetoothService.swift */,
			);
			path = "Bluetooth iOT";
			sourceTree = "<group>";
		};
		6D92924F2B0768B700627CEE /* Animation */ = {
			isa = PBXGroup;
			children = (
				6DD936372AFD3F5300EE7124 /* Done.json */,
				6D6DA0932AFB436C00A00673 /* Constants.swift */,
				6D6DA08F2AFB405900A00673 /* Lottie Lego.json */,
				6D6DA0912AFB40E600A00673 /* LottieView.swift */,
				6D6DA0952AFB47A600A00673 /* LottieViewPlus.swift */,
			);
			path = Animation;
			sourceTree = "<group>";
		};
		E95F9BE52B0214E6009C9B53 /* Update the Dashboard */ = {
			isa = PBXGroup;
			children = (
				E95F9BE32B021424009C9B53 /* ModalUpdateOdometerView.swift */,
				E95F9BE62B021A77009C9B53 /* ModalUpdateServisView.swift */,
				E95F9BE82B021E78009C9B53 /* ManualUpdateView.swift */,
				C7604EC72B04D1B100B4BECE /* UpdateScannDocumentView.swift */,
				C79805B92B024AB9001B753D /* UpdateScanResultView.swift */,
				C769A4BA2B05E95800D58C84 /* FinishUpdateView.swift */,
			);
			path = "Update the Dashboard";
			sourceTree = "<group>";
		};
		E9AB955D2AEFEB4C004EE0F4 = {
			isa = PBXGroup;
			children = (
				E9AB95682AEFEB4C004EE0F4 /* MotoCare */,
				E9AB95672AEFEB4C004EE0F4 /* Products */,
			);
			sourceTree = "<group>";
		};
		E9AB95672AEFEB4C004EE0F4 /* Products */ = {
			isa = PBXGroup;
			children = (
				E9AB95662AEFEB4C004EE0F4 /* MotoCare.app */,
			);
			name = Products;
			sourceTree = "<group>";
		};
		E9AB95682AEFEB4C004EE0F4 /* MotoCare */ = {
			isa = PBXGroup;
			children = (
				E9AB95692AEFEB4C004EE0F4 /* MotoCare.swift */,
				E9AB956B2AEFEB4C004EE0F4 /* ContentView.swift */,
				E9E649182AFEA52000288DF7 /* View Model */,
				E9AB95B72AF033F5004EE0F4 /* View */,
				E9AB957F2AEFF21A004EE0F4 /* Model */,
				E9AB956D2AEFEB4E004EE0F4 /* Assets.xcassets */,
				6D92924E2B0765EF00627CEE /* Bluetooth iOT */,
				6D92924F2B0768B700627CEE /* Animation */,
				E9AB956F2AEFEB4E004EE0F4 /* Preview Content */,
			);
			path = MotoCare;
			sourceTree = "<group>";
		};
		E9AB956F2AEFEB4E004EE0F4 /* Preview Content */ = {
			isa = PBXGroup;
			children = (
				E9AB95702AEFEB4E004EE0F4 /* Preview Assets.xcassets */,
			);
			path = "Preview Content";
			sourceTree = "<group>";
		};
		E9AB957F2AEFF21A004EE0F4 /* Model */ = {
			isa = PBXGroup;
			children = (
				E9AB95772AEFEBAC004EE0F4 /* Motorcycle.swift */,
				E9AB957B2AEFEF9C004EE0F4 /* MaintenanceHistory.swift */,
				E9AB957D2AEFF0AA004EE0F4 /* SparepartHistory.swift */,
				E9AB95792AEFEE5E004EE0F4 /* SparepartData.swift */,
			);
			path = Model;
			sourceTree = "<group>";
		};
		E9AB95B72AF033F5004EE0F4 /* View */ = {
			isa = PBXGroup;
			children = (
				E9AB95CD2AF035AB004EE0F4 /* Onboarding */,
				E9AB95CC2AF0359B004EE0F4 /* Dashboard */,
				E9AB95CE2AF035B7004EE0F4 /* Settings */,
				E9AB95CF2AF035FE004EE0F4 /* Maintenance History */,
			);
			path = View;
			sourceTree = "<group>";
		};
		E9AB95CC2AF0359B004EE0F4 /* Dashboard */ = {
			isa = PBXGroup;
			children = (
				E9AB95C22AF03510004EE0F4 /* MainTabView.swift */,
				E9AB95C42AF0352A004EE0F4 /* DashboardView.swift */,
				E9AB95C62AF03553004EE0F4 /* ModalSparepartView.swift */,
				E95F9BE52B0214E6009C9B53 /* Update the Dashboard */,
			);
			path = Dashboard;
			sourceTree = "<group>";
		};
		E9AB95CD2AF035AB004EE0F4 /* Onboarding */ = {
			isa = PBXGroup;
			children = (
				6DA46FB62AFCCA960068EA15 /* SplashView.swift */,
				E9AB95B82AF03403004EE0F4 /* OpeningOnboardingView.swift */,
				E9AB95BA2AF03428004EE0F4 /* InputOdometerView.swift */,
				E9AB95BC2AF03444004EE0F4 /* InputLastReceiptsView.swift */,
				E97435872AF0F24600248CD8 /* ScanDocumentView.swift */,
				E9AC4E072AF0F9A0001DDCF3 /* ScanResultView.swift */,
				E9AB95BE2AF03476004EE0F4 /* ManualInputMaintenanceHistory.swift */,
				6D6DA09E2AFB9ACC00A00673 /* ManualView2.swift */,
				E9AB95C02AF034F7004EE0F4 /* FinishOnboardingView.swift */,
				6DD9363B2AFD4ACC00EE7124 /* BackgroundView.swift */,
			);
			path = Onboarding;
			sourceTree = "<group>";
		};
		E9AB95CE2AF035B7004EE0F4 /* Settings */ = {
			isa = PBXGroup;
			children = (
				E9AB95CA2AF03591004EE0F4 /* SettingsView.swift */,
			);
			path = Settings;
			sourceTree = "<group>";
		};
		E9AB95CF2AF035FE004EE0F4 /* Maintenance History */ = {
			isa = PBXGroup;
			children = (
				E9AB95C82AF03578004EE0F4 /* MaintenanceHistoryView.swift */,
			);
			path = "Maintenance History";
			sourceTree = "<group>";
		};
		E9E649182AFEA52000288DF7 /* View Model */ = {
			isa = PBXGroup;
			children = (
				E9E649192AFEA56100288DF7 /* MotorcycleViewModel.swift */,
			);
			path = "View Model";
			sourceTree = "<group>";
		};
/* End PBXGroup section */

/* Begin PBXNativeTarget section */
		E9AB95652AEFEB4C004EE0F4 /* MotoCare */ = {
			isa = PBXNativeTarget;
			buildConfigurationList = E9AB95742AEFEB4E004EE0F4 /* Build configuration list for PBXNativeTarget "MotoCare" */;
			buildPhases = (
				E9AB95622AEFEB4C004EE0F4 /* Sources */,
				E9AB95632AEFEB4C004EE0F4 /* Frameworks */,
				E9AB95642AEFEB4C004EE0F4 /* Resources */,
			);
			buildRules = (
			);
			dependencies = (
			);
			name = MotoCare;
			packageProductDependencies = (
				6D6DA08D2AFB3FC700A00673 /* Lottie */,
			);
			productName = MotorCareSwiftData;
			productReference = E9AB95662AEFEB4C004EE0F4 /* MotoCare.app */;
			productType = "com.apple.product-type.application";
		};
/* End PBXNativeTarget section */

/* Begin PBXProject section */
		E9AB955E2AEFEB4C004EE0F4 /* Project object */ = {
			isa = PBXProject;
			attributes = {
				BuildIndependentTargetsInParallel = 1;
				LastSwiftUpdateCheck = 1500;
				LastUpgradeCheck = 1500;
				TargetAttributes = {
					E9AB95652AEFEB4C004EE0F4 = {
						CreatedOnToolsVersion = 15.0.1;
					};
				};
			};
			buildConfigurationList = E9AB95612AEFEB4C004EE0F4 /* Build configuration list for PBXProject "MotoCare" */;
			compatibilityVersion = "Xcode 14.0";
			developmentRegion = en;
			hasScannedForEncodings = 0;
			knownRegions = (
				en,
				Base,
			);
			mainGroup = E9AB955D2AEFEB4C004EE0F4;
			packageReferences = (
				6D6DA08C2AFB3FC700A00673 /* XCRemoteSwiftPackageReference "lottie-spm" */,
			);
			productRefGroup = E9AB95672AEFEB4C004EE0F4 /* Products */;
			projectDirPath = "";
			projectRoot = "";
			targets = (
				E9AB95652AEFEB4C004EE0F4 /* MotoCare */,
			);
		};
/* End PBXProject section */

/* Begin PBXResourcesBuildPhase section */
		E9AB95642AEFEB4C004EE0F4 /* Resources */ = {
			isa = PBXResourcesBuildPhase;
			buildActionMask = 2147483647;
			files = (
				6DD936382AFD3F5300EE7124 /* Done.json in Resources */,
				E9AB95712AEFEB4E004EE0F4 /* Preview Assets.xcassets in Resources */,
				E9AB956E2AEFEB4E004EE0F4 /* Assets.xcassets in Resources */,
				6D6DA0902AFB405900A00673 /* Lottie Lego.json in Resources */,
			);
			runOnlyForDeploymentPostprocessing = 0;
		};
/* End PBXResourcesBuildPhase section */

/* Begin PBXSourcesBuildPhase section */
		E9AB95622AEFEB4C004EE0F4 /* Sources */ = {
			isa = PBXSourcesBuildPhase;
			buildActionMask = 2147483647;
			files = (
				E9AB95BF2AF03476004EE0F4 /* ManualInputMaintenanceHistory.swift in Sources */,
				E9AB957A2AEFEE5E004EE0F4 /* SparepartData.swift in Sources */,
				6DD9363C2AFD4ACC00EE7124 /* BackgroundView.swift in Sources */,
				E9AB95C12AF034F7004EE0F4 /* FinishOnboardingView.swift in Sources */,
				E9AB956C2AEFEB4C004EE0F4 /* ContentView.swift in Sources */,
				E97435882AF0F24600248CD8 /* ScanDocumentView.swift in Sources */,
				6D6DA09F2AFB9ACC00A00673 /* ManualView2.swift in Sources */,
				E9AB95C72AF03553004EE0F4 /* ModalSparepartView.swift in Sources */,
				E9AB95B92AF03403004EE0F4 /* OpeningOnboardingView.swift in Sources */,
				E95F9BE92B021E78009C9B53 /* ManualUpdateView.swift in Sources */,
				6DA46FB72AFCCA960068EA15 /* SplashView.swift in Sources */,
				6D6DA0962AFB47A600A00673 /* LottieViewPlus.swift in Sources */,
				E9AB95782AEFEBAC004EE0F4 /* Motorcycle.swift in Sources */,
				C79805BA2B024AB9001B753D /* UpdateScanResultView.swift in Sources */,
				C7604EC62B03752F00B4BECE /* (null) in Sources */,
				E9AB95BB2AF03428004EE0F4 /* InputOdometerView.swift in Sources */,
				C769A4BB2B05E95800D58C84 /* FinishUpdateView.swift in Sources */,
				6D6DA0922AFB40E600A00673 /* LottieView.swift in Sources */,
				6D6DA0942AFB436C00A00673 /* Constants.swift in Sources */,
				E9AB956A2AEFEB4C004EE0F4 /* MotoCare.swift in Sources */,
				E9AB95CB2AF03591004EE0F4 /* SettingsView.swift in Sources */,
				E9AB957C2AEFEF9C004EE0F4 /* MaintenanceHistory.swift in Sources */,
				E9AC4E082AF0F9A0001DDCF3 /* ScanResultView.swift in Sources */,
				E9AB957E2AEFF0AA004EE0F4 /* SparepartHistory.swift in Sources */,
				C7604EC82B04D1B100B4BECE /* UpdateScannDocumentView.swift in Sources */,
				6D9CCDF92B05C1EE006444A7 /* BluetoothService.swift in Sources */,
				6D9CCDFB2B05C221006444A7 /* BluetoothView.swift in Sources */,
				C7604EC82B04D1B100B4BECE /* UpdateScannDocumentView.swift in Sources */,
				E9AB95BD2AF03444004EE0F4 /* InputLastReceiptsView.swift in Sources */,
				E9E6491A2AFEA56100288DF7 /* MotorcycleViewModel.swift in Sources */,
				E9AB95C52AF0352A004EE0F4 /* DashboardView.swift in Sources */,
				E9AB95C32AF03510004EE0F4 /* MainTabView.swift in Sources */,
				E9AB95C92AF03578004EE0F4 /* MaintenanceHistoryView.swift in Sources */,
				E95F9BE72B021A77009C9B53 /* ModalUpdateServisView.swift in Sources */,
				E95F9BE42B021424009C9B53 /* ModalUpdateOdometerView.swift in Sources */,
			);
			runOnlyForDeploymentPostprocessing = 0;
		};
/* End PBXSourcesBuildPhase section */

/* Begin XCBuildConfiguration section */
		E9AB95722AEFEB4E004EE0F4 /* Debug */ = {
			isa = XCBuildConfiguration;
			buildSettings = {
				ALWAYS_SEARCH_USER_PATHS = NO;
				ASSETCATALOG_COMPILER_GENERATE_SWIFT_ASSET_SYMBOL_EXTENSIONS = YES;
				CLANG_ANALYZER_NONNULL = YES;
				CLANG_ANALYZER_NUMBER_OBJECT_CONVERSION = YES_AGGRESSIVE;
				CLANG_CXX_LANGUAGE_STANDARD = "gnu++20";
				CLANG_ENABLE_MODULES = YES;
				CLANG_ENABLE_OBJC_ARC = YES;
				CLANG_ENABLE_OBJC_WEAK = YES;
				CLANG_WARN_BLOCK_CAPTURE_AUTORELEASING = YES;
				CLANG_WARN_BOOL_CONVERSION = YES;
				CLANG_WARN_COMMA = YES;
				CLANG_WARN_CONSTANT_CONVERSION = YES;
				CLANG_WARN_DEPRECATED_OBJC_IMPLEMENTATIONS = YES;
				CLANG_WARN_DIRECT_OBJC_ISA_USAGE = YES_ERROR;
				CLANG_WARN_DOCUMENTATION_COMMENTS = YES;
				CLANG_WARN_EMPTY_BODY = YES;
				CLANG_WARN_ENUM_CONVERSION = YES;
				CLANG_WARN_INFINITE_RECURSION = YES;
				CLANG_WARN_INT_CONVERSION = YES;
				CLANG_WARN_NON_LITERAL_NULL_CONVERSION = YES;
				CLANG_WARN_OBJC_IMPLICIT_RETAIN_SELF = YES;
				CLANG_WARN_OBJC_LITERAL_CONVERSION = YES;
				CLANG_WARN_OBJC_ROOT_CLASS = YES_ERROR;
				CLANG_WARN_QUOTED_INCLUDE_IN_FRAMEWORK_HEADER = YES;
				CLANG_WARN_RANGE_LOOP_ANALYSIS = YES;
				CLANG_WARN_STRICT_PROTOTYPES = YES;
				CLANG_WARN_SUSPICIOUS_MOVE = YES;
				CLANG_WARN_UNGUARDED_AVAILABILITY = YES_AGGRESSIVE;
				CLANG_WARN_UNREACHABLE_CODE = YES;
				CLANG_WARN__DUPLICATE_METHOD_MATCH = YES;
				COPY_PHASE_STRIP = NO;
				DEBUG_INFORMATION_FORMAT = dwarf;
				ENABLE_STRICT_OBJC_MSGSEND = YES;
				ENABLE_TESTABILITY = YES;
				ENABLE_USER_SCRIPT_SANDBOXING = YES;
				GCC_C_LANGUAGE_STANDARD = gnu17;
				GCC_DYNAMIC_NO_PIC = NO;
				GCC_NO_COMMON_BLOCKS = YES;
				GCC_OPTIMIZATION_LEVEL = 0;
				GCC_PREPROCESSOR_DEFINITIONS = (
					"DEBUG=1",
					"$(inherited)",
				);
				GCC_WARN_64_TO_32_BIT_CONVERSION = YES;
				GCC_WARN_ABOUT_RETURN_TYPE = YES_ERROR;
				GCC_WARN_UNDECLARED_SELECTOR = YES;
				GCC_WARN_UNINITIALIZED_AUTOS = YES_AGGRESSIVE;
				GCC_WARN_UNUSED_FUNCTION = YES;
				GCC_WARN_UNUSED_VARIABLE = YES;
				INFOPLIST_KEY_UILaunchScreen_Generation = NO;
				INFOPLIST_KEY_UILaunchStoryboardName = "";
				IPHONEOS_DEPLOYMENT_TARGET = 17.0;
				LOCALIZATION_PREFERS_STRING_CATALOGS = YES;
				MTL_ENABLE_DEBUG_INFO = INCLUDE_SOURCE;
				MTL_FAST_MATH = YES;
				ONLY_ACTIVE_ARCH = YES;
				SDKROOT = iphoneos;
				SWIFT_ACTIVE_COMPILATION_CONDITIONS = "DEBUG $(inherited)";
				SWIFT_OPTIMIZATION_LEVEL = "-Onone";
			};
			name = Debug;
		};
		E9AB95732AEFEB4E004EE0F4 /* Release */ = {
			isa = XCBuildConfiguration;
			buildSettings = {
				ALWAYS_SEARCH_USER_PATHS = NO;
				ASSETCATALOG_COMPILER_GENERATE_SWIFT_ASSET_SYMBOL_EXTENSIONS = YES;
				CLANG_ANALYZER_NONNULL = YES;
				CLANG_ANALYZER_NUMBER_OBJECT_CONVERSION = YES_AGGRESSIVE;
				CLANG_CXX_LANGUAGE_STANDARD = "gnu++20";
				CLANG_ENABLE_MODULES = YES;
				CLANG_ENABLE_OBJC_ARC = YES;
				CLANG_ENABLE_OBJC_WEAK = YES;
				CLANG_WARN_BLOCK_CAPTURE_AUTORELEASING = YES;
				CLANG_WARN_BOOL_CONVERSION = YES;
				CLANG_WARN_COMMA = YES;
				CLANG_WARN_CONSTANT_CONVERSION = YES;
				CLANG_WARN_DEPRECATED_OBJC_IMPLEMENTATIONS = YES;
				CLANG_WARN_DIRECT_OBJC_ISA_USAGE = YES_ERROR;
				CLANG_WARN_DOCUMENTATION_COMMENTS = YES;
				CLANG_WARN_EMPTY_BODY = YES;
				CLANG_WARN_ENUM_CONVERSION = YES;
				CLANG_WARN_INFINITE_RECURSION = YES;
				CLANG_WARN_INT_CONVERSION = YES;
				CLANG_WARN_NON_LITERAL_NULL_CONVERSION = YES;
				CLANG_WARN_OBJC_IMPLICIT_RETAIN_SELF = YES;
				CLANG_WARN_OBJC_LITERAL_CONVERSION = YES;
				CLANG_WARN_OBJC_ROOT_CLASS = YES_ERROR;
				CLANG_WARN_QUOTED_INCLUDE_IN_FRAMEWORK_HEADER = YES;
				CLANG_WARN_RANGE_LOOP_ANALYSIS = YES;
				CLANG_WARN_STRICT_PROTOTYPES = YES;
				CLANG_WARN_SUSPICIOUS_MOVE = YES;
				CLANG_WARN_UNGUARDED_AVAILABILITY = YES_AGGRESSIVE;
				CLANG_WARN_UNREACHABLE_CODE = YES;
				CLANG_WARN__DUPLICATE_METHOD_MATCH = YES;
				COPY_PHASE_STRIP = NO;
				DEBUG_INFORMATION_FORMAT = "dwarf-with-dsym";
				ENABLE_NS_ASSERTIONS = NO;
				ENABLE_STRICT_OBJC_MSGSEND = YES;
				ENABLE_USER_SCRIPT_SANDBOXING = YES;
				GCC_C_LANGUAGE_STANDARD = gnu17;
				GCC_NO_COMMON_BLOCKS = YES;
				GCC_WARN_64_TO_32_BIT_CONVERSION = YES;
				GCC_WARN_ABOUT_RETURN_TYPE = YES_ERROR;
				GCC_WARN_UNDECLARED_SELECTOR = YES;
				GCC_WARN_UNINITIALIZED_AUTOS = YES_AGGRESSIVE;
				GCC_WARN_UNUSED_FUNCTION = YES;
				GCC_WARN_UNUSED_VARIABLE = YES;
				INFOPLIST_KEY_UILaunchScreen_Generation = NO;
				INFOPLIST_KEY_UILaunchStoryboardName = "";
				IPHONEOS_DEPLOYMENT_TARGET = 17.0;
				LOCALIZATION_PREFERS_STRING_CATALOGS = YES;
				MTL_ENABLE_DEBUG_INFO = NO;
				MTL_FAST_MATH = YES;
				SDKROOT = iphoneos;
				SWIFT_COMPILATION_MODE = wholemodule;
				VALIDATE_PRODUCT = YES;
			};
			name = Release;
		};
		E9AB95752AEFEB4E004EE0F4 /* Debug */ = {
			isa = XCBuildConfiguration;
			buildSettings = {
				ASSETCATALOG_COMPILER_APPICON_NAME = AppIcon;
				ASSETCATALOG_COMPILER_GLOBAL_ACCENT_COLOR_NAME = AccentColor;
				CODE_SIGN_STYLE = Automatic;
				CURRENT_PROJECT_VERSION = 1;
				DEVELOPMENT_ASSET_PATHS = "\"MotoCare/Preview Content\"";
				DEVELOPMENT_TEAM = 62B759R8T7;
				ENABLE_PREVIEWS = YES;
				GENERATE_INFOPLIST_FILE = YES;
				INFOPLIST_KEY_NSBluetoothAlwaysUsageDescription = "";
				INFOPLIST_KEY_NSCameraUsageDescription = "";
				INFOPLIST_KEY_UIApplicationSceneManifest_Generation = YES;
				INFOPLIST_KEY_UIApplicationSupportsIndirectInputEvents = YES;
				INFOPLIST_KEY_UILaunchScreen_Generation = YES;
				INFOPLIST_KEY_UILaunchStoryboardName = "";
				INFOPLIST_KEY_UISupportedInterfaceOrientations = UIInterfaceOrientationPortrait;
				INFOPLIST_KEY_UISupportedInterfaceOrientations_iPad = "UIInterfaceOrientationLandscapeLeft UIInterfaceOrientationLandscapeRight UIInterfaceOrientationPortrait UIInterfaceOrientationPortraitUpsideDown";
				LD_RUNPATH_SEARCH_PATHS = (
					"$(inherited)",
					"@executable_path/Frameworks",
				);
				MARKETING_VERSION = 1.0;
				PRODUCT_BUNDLE_IDENTIFIER = com.ann.MotoCare;
				PRODUCT_NAME = "$(TARGET_NAME)";
				SWIFT_EMIT_LOC_STRINGS = YES;
				SWIFT_VERSION = 5.0;
				TARGETED_DEVICE_FAMILY = "1,2";
			};
			name = Debug;
		};
		E9AB95762AEFEB4E004EE0F4 /* Release */ = {
			isa = XCBuildConfiguration;
			buildSettings = {
				ASSETCATALOG_COMPILER_APPICON_NAME = AppIcon;
				ASSETCATALOG_COMPILER_GLOBAL_ACCENT_COLOR_NAME = AccentColor;
				CODE_SIGN_STYLE = Automatic;
				CURRENT_PROJECT_VERSION = 1;
				DEVELOPMENT_ASSET_PATHS = "\"MotoCare/Preview Content\"";
				DEVELOPMENT_TEAM = 62B759R8T7;
				ENABLE_PREVIEWS = YES;
				GENERATE_INFOPLIST_FILE = YES;
				INFOPLIST_KEY_NSBluetoothAlwaysUsageDescription = "";
				INFOPLIST_KEY_NSCameraUsageDescription = "";
				INFOPLIST_KEY_UIApplicationSceneManifest_Generation = YES;
				INFOPLIST_KEY_UIApplicationSupportsIndirectInputEvents = YES;
				INFOPLIST_KEY_UILaunchScreen_Generation = YES;
				INFOPLIST_KEY_UILaunchStoryboardName = "";
				INFOPLIST_KEY_UISupportedInterfaceOrientations = UIInterfaceOrientationPortrait;
				INFOPLIST_KEY_UISupportedInterfaceOrientations_iPad = "UIInterfaceOrientationLandscapeLeft UIInterfaceOrientationLandscapeRight UIInterfaceOrientationPortrait UIInterfaceOrientationPortraitUpsideDown";
				LD_RUNPATH_SEARCH_PATHS = (
					"$(inherited)",
					"@executable_path/Frameworks",
				);
				MARKETING_VERSION = 1.0;
				PRODUCT_BUNDLE_IDENTIFIER = com.ann.MotoCare;
				PRODUCT_NAME = "$(TARGET_NAME)";
				SWIFT_EMIT_LOC_STRINGS = YES;
				SWIFT_VERSION = 5.0;
				TARGETED_DEVICE_FAMILY = "1,2";
			};
			name = Release;
		};
/* End XCBuildConfiguration section */

/* Begin XCConfigurationList section */
		E9AB95612AEFEB4C004EE0F4 /* Build configuration list for PBXProject "MotoCare" */ = {
			isa = XCConfigurationList;
			buildConfigurations = (
				E9AB95722AEFEB4E004EE0F4 /* Debug */,
				E9AB95732AEFEB4E004EE0F4 /* Release */,
			);
			defaultConfigurationIsVisible = 0;
			defaultConfigurationName = Release;
		};
		E9AB95742AEFEB4E004EE0F4 /* Build configuration list for PBXNativeTarget "MotoCare" */ = {
			isa = XCConfigurationList;
			buildConfigurations = (
				E9AB95752AEFEB4E004EE0F4 /* Debug */,
				E9AB95762AEFEB4E004EE0F4 /* Release */,
			);
			defaultConfigurationIsVisible = 0;
			defaultConfigurationName = Release;
		};
/* End XCConfigurationList section */

/* Begin XCRemoteSwiftPackageReference section */
		6D6DA08C2AFB3FC700A00673 /* XCRemoteSwiftPackageReference "lottie-spm" */ = {
			isa = XCRemoteSwiftPackageReference;
			repositoryURL = "https://github.com/airbnb/lottie-spm.git";
			requirement = {
				kind = upToNextMajorVersion;
				minimumVersion = 4.3.3;
			};
		};
/* End XCRemoteSwiftPackageReference section */

/* Begin XCSwiftPackageProductDependency section */
		6D6DA08D2AFB3FC700A00673 /* Lottie */ = {
			isa = XCSwiftPackageProductDependency;
			package = 6D6DA08C2AFB3FC700A00673 /* XCRemoteSwiftPackageReference "lottie-spm" */;
			productName = Lottie;
		};
/* End XCSwiftPackageProductDependency section */
	};
	rootObject = E9AB955E2AEFEB4C004EE0F4 /* Project object */;
}
